
Microsoft Visual Studio Solution File, Format Version 12.00
# Visual Studio Version 17
VisualStudioVersion = 17.5.33414.496
MinimumVisualStudioVersion = 10.0.40219.1
Project("{FAE04EC0-301F-11D3-BF4B-00C04F79EFBC}") = "TPMODUL4_1302210055", "TPMODUL4_1302210055\TPMODUL4_1302210055.csproj", "{72A3C4F6-B6C1-4209-BEB2-670BCA21DF5E}"
EndProject
Global
	GlobalSection(SolutionConfigurationPlatforms) = preSolution
		Debug|Any CPU = Debug|Any CPU
		Release|Any CPU = Release|Any CPU
	EndGlobalSection
	GlobalSection(ProjectConfigurationPlatforms) = postSolution
		{72A3C4F6-B6C1-4209-BEB2-670BCA21DF5E}.Debug|Any CPU.ActiveCfg = Debug|Any CPU
		{72A3C4F6-B6C1-4209-BEB2-670BCA21DF5E}.Debug|Any CPU.Build.0 = Debug|Any CPU
		{72A3C4F6-B6C1-4209-BEB2-670BCA21DF5E}.Release|Any CPU.ActiveCfg = Release|Any CPU
		{72A3C4F6-B6C1-4209-BEB2-670BCA21DF5E}.Release|Any CPU.Build.0 = Release|Any CPU
	EndGlobalSection
	GlobalSection(SolutionProperties) = preSolution
		HideSolutionNode = FALSE
	EndGlobalSection
	GlobalSection(ExtensibilityGlobals) = postSolution
		SolutionGuid = {7E27784B-B8C9-4D25-9878-D56192C44DD9}
	EndGlobalSection
EndGlobal
